
Microsoft Visual Studio Solution File, Format Version 12.00
# Visual Studio Version 17
VisualStudioVersion = 17.0.31919.166
MinimumVisualStudioVersion = 10.0.40219.1
Project("{9A19103F-16F7-4668-BE54-9A1E7A4F7556}") = "PgOutput2Json.Core", "PgOutput2Json.Core\PgOutput2Json.Core.csproj", "{908FA73B-F97B-4299-B0E7-65C4C276D9C9}"
EndProject
Project("{9A19103F-16F7-4668-BE54-9A1E7A4F7556}") = "PgOutput2Json.TestConsole", "PgOutput2Json.TestConsole\PgOutput2Json.TestConsole.csproj", "{90CDE1E5-29AB-4236-82C9-D080B816091F}"
EndProject
Global
	GlobalSection(SolutionConfigurationPlatforms) = preSolution
		Debug|Any CPU = Debug|Any CPU
		Release|Any CPU = Release|Any CPU
	EndGlobalSection
	GlobalSection(ProjectConfigurationPlatforms) = postSolution
		{908FA73B-F97B-4299-B0E7-65C4C276D9C9}.Debug|Any CPU.ActiveCfg = Debug|Any CPU
		{908FA73B-F97B-4299-B0E7-65C4C276D9C9}.Debug|Any CPU.Build.0 = Debug|Any CPU
		{908FA73B-F97B-4299-B0E7-65C4C276D9C9}.Release|Any CPU.ActiveCfg = Release|Any CPU
		{908FA73B-F97B-4299-B0E7-65C4C276D9C9}.Release|Any CPU.Build.0 = Release|Any CPU
		{90CDE1E5-29AB-4236-82C9-D080B816091F}.Debug|Any CPU.ActiveCfg = Debug|Any CPU
		{90CDE1E5-29AB-4236-82C9-D080B816091F}.Debug|Any CPU.Build.0 = Debug|Any CPU
		{90CDE1E5-29AB-4236-82C9-D080B816091F}.Release|Any CPU.ActiveCfg = Release|Any CPU
		{90CDE1E5-29AB-4236-82C9-D080B816091F}.Release|Any CPU.Build.0 = Release|Any CPU
	EndGlobalSection
	GlobalSection(SolutionProperties) = preSolution
		HideSolutionNode = FALSE
	EndGlobalSection
	GlobalSection(ExtensibilityGlobals) = postSolution
		SolutionGuid = {5A1450DF-67B0-400E-86AB-F6BEB3E79BED}
	EndGlobalSection
EndGlobal
