
Microsoft Visual Studio Solution File, Format Version 12.00
# Visual Studio Version 17
VisualStudioVersion = 17.0.31919.166
MinimumVisualStudioVersion = 10.0.40219.1
Project("{9A19103F-16F7-4668-BE54-9A1E7A4F7556}") = "PgOutput2Json", "PgOutput2Json\PgOutput2Json.csproj", "{908FA73B-F97B-4299-B0E7-65C4C276D9C9}"
EndProject
Project("{9A19103F-16F7-4668-BE54-9A1E7A4F7556}") = "PgOutput2Json.RabbitMq", "PgOutput2Json.RabbitMq\PgOutput2Json.RabbitMq.csproj", "{E9A54883-9FA2-45E5-8336-84F0705CA60D}"
EndProject
Project("{9A19103F-16F7-4668-BE54-9A1E7A4F7556}") = "PgOutput2Json.TestWorker", "PgOutput2Json.TestWorker\PgOutput2Json.TestWorker.csproj", "{284658BA-EF68-4AF8-AF37-7DFDF5EB339C}"
EndProject
Project("{9A19103F-16F7-4668-BE54-9A1E7A4F7556}") = "PgOutput2Json.Tests", "PgOutput2Json.Tests\PgOutput2Json.Tests.csproj", "{5D013757-D924-4C18-B9FA-84670D0CFE85}"
EndProject
Project("{FAE04EC0-301F-11D3-BF4B-00C04F79EFBC}") = "PgOutput2Json.Redis", "PgOutput2Json.Redis\PgOutput2Json.Redis.csproj", "{2B6B330F-101B-4F63-9590-F10D2249491A}"
EndProject
Project("{FAE04EC0-301F-11D3-BF4B-00C04F79EFBC}") = "PgOutput2Json.RabbitMqStreams", "PgOutput2Json.RabbitMqStreams\PgOutput2Json.RabbitMqStreams.csproj", "{1C3C87DA-6D56-4ADF-9BF3-1891692F1B70}"
EndProject
Project("{FAE04EC0-301F-11D3-BF4B-00C04F79EFBC}") = "PgOutput2Json.Kafka", "PgOutput2Json.Kafka\PgOutput2Json.Kafka.csproj", "{C191924A-DAA5-4AD5-A1FF-4AF7C8BB3698}"
EndProject
Project("{FAE04EC0-301F-11D3-BF4B-00C04F79EFBC}") = "PgOutput2Json.Sqlite", "PgOutput2Json.Sqlite\PgOutput2Json.Sqlite.csproj", "{01A487BF-5263-4764-9DF6-BEA889338B34}"
EndProject
Project("{FAE04EC0-301F-11D3-BF4B-00C04F79EFBC}") = "PgOutput2Json.MongoDb", "PgOutput2Json.MongoDb\PgOutput2Json.MongoDb.csproj", "{8E04E335-C77C-E850-59C1-56A58422837D}"
EndProject
Project("{FAE04EC0-301F-11D3-BF4B-00C04F79EFBC}") = "PgOutput2Json.Kinesis", "PgOutput2Json.Kinesis\PgOutput2Json.Kinesis.csproj", "{DABF97BB-4DF3-46D8-BD87-E6C639AA600D}"
EndProject
Global
	GlobalSection(SolutionConfigurationPlatforms) = preSolution
		Debug|Any CPU = Debug|Any CPU
		Release|Any CPU = Release|Any CPU
	EndGlobalSection
	GlobalSection(ProjectConfigurationPlatforms) = postSolution
		{908FA73B-F97B-4299-B0E7-65C4C276D9C9}.Debug|Any CPU.ActiveCfg = Debug|Any CPU
		{908FA73B-F97B-4299-B0E7-65C4C276D9C9}.Debug|Any CPU.Build.0 = Debug|Any CPU
		{908FA73B-F97B-4299-B0E7-65C4C276D9C9}.Release|Any CPU.ActiveCfg = Release|Any CPU
		{908FA73B-F97B-4299-B0E7-65C4C276D9C9}.Release|Any CPU.Build.0 = Release|Any CPU
		{E9A54883-9FA2-45E5-8336-84F0705CA60D}.Debug|Any CPU.ActiveCfg = Debug|Any CPU
		{E9A54883-9FA2-45E5-8336-84F0705CA60D}.Debug|Any CPU.Build.0 = Debug|Any CPU
		{E9A54883-9FA2-45E5-8336-84F0705CA60D}.Release|Any CPU.ActiveCfg = Release|Any CPU
		{E9A54883-9FA2-45E5-8336-84F0705CA60D}.Release|Any CPU.Build.0 = Release|Any CPU
		{284658BA-EF68-4AF8-AF37-7DFDF5EB339C}.Debug|Any CPU.ActiveCfg = Debug|Any CPU
		{284658BA-EF68-4AF8-AF37-7DFDF5EB339C}.Debug|Any CPU.Build.0 = Debug|Any CPU
		{284658BA-EF68-4AF8-AF37-7DFDF5EB339C}.Release|Any CPU.ActiveCfg = Release|Any CPU
		{284658BA-EF68-4AF8-AF37-7DFDF5EB339C}.Release|Any CPU.Build.0 = Release|Any CPU
		{5D013757-D924-4C18-B9FA-84670D0CFE85}.Debug|Any CPU.ActiveCfg = Debug|Any CPU
		{5D013757-D924-4C18-B9FA-84670D0CFE85}.Debug|Any CPU.Build.0 = Debug|Any CPU
		{5D013757-D924-4C18-B9FA-84670D0CFE85}.Release|Any CPU.ActiveCfg = Release|Any CPU
		{5D013757-D924-4C18-B9FA-84670D0CFE85}.Release|Any CPU.Build.0 = Release|Any CPU
		{2B6B330F-101B-4F63-9590-F10D2249491A}.Debug|Any CPU.ActiveCfg = Debug|Any CPU
		{2B6B330F-101B-4F63-9590-F10D2249491A}.Debug|Any CPU.Build.0 = Debug|Any CPU
		{2B6B330F-101B-4F63-9590-F10D2249491A}.Release|Any CPU.ActiveCfg = Release|Any CPU
		{2B6B330F-101B-4F63-9590-F10D2249491A}.Release|Any CPU.Build.0 = Release|Any CPU
		{1C3C87DA-6D56-4ADF-9BF3-1891692F1B70}.Debug|Any CPU.ActiveCfg = Debug|Any CPU
		{1C3C87DA-6D56-4ADF-9BF3-1891692F1B70}.Debug|Any CPU.Build.0 = Debug|Any CPU
		{1C3C87DA-6D56-4ADF-9BF3-1891692F1B70}.Release|Any CPU.ActiveCfg = Release|Any CPU
		{1C3C87DA-6D56-4ADF-9BF3-1891692F1B70}.Release|Any CPU.Build.0 = Release|Any CPU
		{C191924A-DAA5-4AD5-A1FF-4AF7C8BB3698}.Debug|Any CPU.ActiveCfg = Debug|Any CPU
		{C191924A-DAA5-4AD5-A1FF-4AF7C8BB3698}.Debug|Any CPU.Build.0 = Debug|Any CPU
		{C191924A-DAA5-4AD5-A1FF-4AF7C8BB3698}.Release|Any CPU.ActiveCfg = Release|Any CPU
		{C191924A-DAA5-4AD5-A1FF-4AF7C8BB3698}.Release|Any CPU.Build.0 = Release|Any CPU
		{01A487BF-5263-4764-9DF6-BEA889338B34}.Debug|Any CPU.ActiveCfg = Debug|Any CPU
		{01A487BF-5263-4764-9DF6-BEA889338B34}.Debug|Any CPU.Build.0 = Debug|Any CPU
		{01A487BF-5263-4764-9DF6-BEA889338B34}.Release|Any CPU.ActiveCfg = Release|Any CPU
		{01A487BF-5263-4764-9DF6-BEA889338B34}.Release|Any CPU.Build.0 = Release|Any CPU
		{8E04E335-C77C-E850-59C1-56A58422837D}.Debug|Any CPU.ActiveCfg = Debug|Any CPU
		{8E04E335-C77C-E850-59C1-56A58422837D}.Debug|Any CPU.Build.0 = Debug|Any CPU
		{8E04E335-C77C-E850-59C1-56A58422837D}.Release|Any CPU.ActiveCfg = Release|Any CPU
		{8E04E335-C77C-E850-59C1-56A58422837D}.Release|Any CPU.Build.0 = Release|Any CPU
		{DABF97BB-4DF3-46D8-BD87-E6C639AA600D}.Debug|Any CPU.ActiveCfg = Debug|Any CPU
		{DABF97BB-4DF3-46D8-BD87-E6C639AA600D}.Debug|Any CPU.Build.0 = Debug|Any CPU
		{DABF97BB-4DF3-46D8-BD87-E6C639AA600D}.Release|Any CPU.ActiveCfg = Release|Any CPU
		{DABF97BB-4DF3-46D8-BD87-E6C639AA600D}.Release|Any CPU.Build.0 = Release|Any CPU
	EndGlobalSection
	GlobalSection(SolutionProperties) = preSolution
		HideSolutionNode = FALSE
	EndGlobalSection
	GlobalSection(ExtensibilityGlobals) = postSolution
		SolutionGuid = {5A1450DF-67B0-400E-86AB-F6BEB3E79BED}
	EndGlobalSection
EndGlobal
